
Microsoft Visual Studio Solution File, Format Version 12.00
# Visual Studio Version 17
VisualStudioVersion = 17.10.35013.160
MinimumVisualStudioVersion = 10.0.40219.1
Project("{8BC9CEB8-8B4A-11D0-8D11-00A0C91BC942}") = "最长子字符串的长度（一）", "最长子字符串的长度（一）\最长子字符串的长度（一）.vcxproj", "{C9A56150-7170-49F3-8794-6BE2080053EF}"
EndProject
Project("{8BC9CEB8-8B4A-11D0-8D11-00A0C91BC942}") = "找座位", "找座位\找座位.vcxproj", "{4F9A1200-F5BC-47A8-9930-4668508B00F8}"
EndProject
Project("{8BC9CEB8-8B4A-11D0-8D11-00A0C91BC942}") = "密码输入检测", "密码输入检测\密码输入检测.vcxproj", "{763C3C86-0423-4C6C-8043-AB7322112D6E}"
EndProject
Project("{8BC9CEB8-8B4A-11D0-8D11-00A0C91BC942}") = "分配土地", "分配土地\分配土地.vcxproj", "{5DD7F467-CD56-480B-8BBF-6B0D7486214F}"
EndProject
Project("{8BC9CEB8-8B4A-11D0-8D11-00A0C91BC942}") = "智能成绩表", "智能成绩表\智能成绩表.vcxproj", "{5735362C-735A-4192-81E5-4C08E873910A}"
EndProject
Project("{8BC9CEB8-8B4A-11D0-8D11-00A0C91BC942}") = "回转寿司", "回转寿司\回转寿司.vcxproj", "{1E098D2A-5342-42C9-B5F2-0683823824CA}"
EndProject
Project("{8BC9CEB8-8B4A-11D0-8D11-00A0C91BC942}") = "开源项目热榜", "开源项目热榜\开源项目热榜.vcxproj", "{AE84B449-FD23-4447-9E8D-77E6A52B3B0B}"
EndProject
Project("{8BC9CEB8-8B4A-11D0-8D11-00A0C91BC942}") = "提取字符串中最长数学表达式", "提取字符串中最长数学表达式\提取字符串中最长数学表达式.vcxproj", "{F944AB69-02E3-40DF-8828-AFFD141C90CE}"
EndProject
Project("{8BC9CEB8-8B4A-11D0-8D11-00A0C91BC942}") = "螺旋数字矩阵", "螺旋数字矩阵\螺旋数字矩阵.vcxproj", "{736AF776-EB1C-4FF2-9681-2217C0CB4AA7}"
EndProject
Project("{8BC9CEB8-8B4A-11D0-8D11-00A0C91BC942}") = "最富裕的小家庭", "最富裕的小家庭\最富裕的小家庭.vcxproj", "{E811A811-EB3B-47A3-9E2A-F58A66FADB99}"
EndProject
Project("{8BC9CEB8-8B4A-11D0-8D11-00A0C91BC942}") = "机器人搬砖", "机器人搬砖\机器人搬砖.vcxproj", "{07FBE5B4-79C6-420D-A019-3DF5FCA4C14C}"
EndProject
Project("{8BC9CEB8-8B4A-11D0-8D11-00A0C91BC942}") = "内存冷热标记", "内存冷热标记\内存冷热标记.vcxproj", "{E23281E9-59A4-4BD1-83B4-081678E2062F}"
EndProject
Global
	GlobalSection(SolutionConfigurationPlatforms) = preSolution
		Debug|x64 = Debug|x64
		Debug|x86 = Debug|x86
		Release|x64 = Release|x64
		Release|x86 = Release|x86
	EndGlobalSection
	GlobalSection(ProjectConfigurationPlatforms) = postSolution
		{C9A56150-7170-49F3-8794-6BE2080053EF}.Debug|x64.ActiveCfg = Debug|x64
		{C9A56150-7170-49F3-8794-6BE2080053EF}.Debug|x64.Build.0 = Debug|x64
		{C9A56150-7170-49F3-8794-6BE2080053EF}.Debug|x86.ActiveCfg = Debug|Win32
		{C9A56150-7170-49F3-8794-6BE2080053EF}.Debug|x86.Build.0 = Debug|Win32
		{C9A56150-7170-49F3-8794-6BE2080053EF}.Release|x64.ActiveCfg = Release|x64
		{C9A56150-7170-49F3-8794-6BE2080053EF}.Release|x64.Build.0 = Release|x64
		{C9A56150-7170-49F3-8794-6BE2080053EF}.Release|x86.ActiveCfg = Release|Win32
		{C9A56150-7170-49F3-8794-6BE2080053EF}.Release|x86.Build.0 = Release|Win32
		{4F9A1200-F5BC-47A8-9930-4668508B00F8}.Debug|x64.ActiveCfg = Debug|x64
		{4F9A1200-F5BC-47A8-9930-4668508B00F8}.Debug|x64.Build.0 = Debug|x64
		{4F9A1200-F5BC-47A8-9930-4668508B00F8}.Debug|x86.ActiveCfg = Debug|Win32
		{4F9A1200-F5BC-47A8-9930-4668508B00F8}.Debug|x86.Build.0 = Debug|Win32
		{4F9A1200-F5BC-47A8-9930-4668508B00F8}.Release|x64.ActiveCfg = Release|x64
		{4F9A1200-F5BC-47A8-9930-4668508B00F8}.Release|x64.Build.0 = Release|x64
		{4F9A1200-F5BC-47A8-9930-4668508B00F8}.Release|x86.ActiveCfg = Release|Win32
		{4F9A1200-F5BC-47A8-9930-4668508B00F8}.Release|x86.Build.0 = Release|Win32
		{763C3C86-0423-4C6C-8043-AB7322112D6E}.Debug|x64.ActiveCfg = Debug|x64
		{763C3C86-0423-4C6C-8043-AB7322112D6E}.Debug|x64.Build.0 = Debug|x64
		{763C3C86-0423-4C6C-8043-AB7322112D6E}.Debug|x86.ActiveCfg = Debug|Win32
		{763C3C86-0423-4C6C-8043-AB7322112D6E}.Debug|x86.Build.0 = Debug|Win32
		{763C3C86-0423-4C6C-8043-AB7322112D6E}.Release|x64.ActiveCfg = Release|x64
		{763C3C86-0423-4C6C-8043-AB7322112D6E}.Release|x64.Build.0 = Release|x64
		{763C3C86-0423-4C6C-8043-AB7322112D6E}.Release|x86.ActiveCfg = Release|Win32
		{763C3C86-0423-4C6C-8043-AB7322112D6E}.Release|x86.Build.0 = Release|Win32
		{5DD7F467-CD56-480B-8BBF-6B0D7486214F}.Debug|x64.ActiveCfg = Debug|x64
		{5DD7F467-CD56-480B-8BBF-6B0D7486214F}.Debug|x64.Build.0 = Debug|x64
		{5DD7F467-CD56-480B-8BBF-6B0D7486214F}.Debug|x86.ActiveCfg = Debug|Win32
		{5DD7F467-CD56-480B-8BBF-6B0D7486214F}.Debug|x86.Build.0 = Debug|Win32
		{5DD7F467-CD56-480B-8BBF-6B0D7486214F}.Release|x64.ActiveCfg = Release|x64
		{5DD7F467-CD56-480B-8BBF-6B0D7486214F}.Release|x64.Build.0 = Release|x64
		{5DD7F467-CD56-480B-8BBF-6B0D7486214F}.Release|x86.ActiveCfg = Release|Win32
		{5DD7F467-CD56-480B-8BBF-6B0D7486214F}.Release|x86.Build.0 = Release|Win32
		{5735362C-735A-4192-81E5-4C08E873910A}.Debug|x64.ActiveCfg = Debug|x64
		{5735362C-735A-4192-81E5-4C08E873910A}.Debug|x64.Build.0 = Debug|x64
		{5735362C-735A-4192-81E5-4C08E873910A}.Debug|x86.ActiveCfg = Debug|Win32
		{5735362C-735A-4192-81E5-4C08E873910A}.Debug|x86.Build.0 = Debug|Win32
		{5735362C-735A-4192-81E5-4C08E873910A}.Release|x64.ActiveCfg = Release|x64
		{5735362C-735A-4192-81E5-4C08E873910A}.Release|x64.Build.0 = Release|x64
		{5735362C-735A-4192-81E5-4C08E873910A}.Release|x86.ActiveCfg = Release|Win32
		{5735362C-735A-4192-81E5-4C08E873910A}.Release|x86.Build.0 = Release|Win32
		{1E098D2A-5342-42C9-B5F2-0683823824CA}.Debug|x64.ActiveCfg = Debug|x64
		{1E098D2A-5342-42C9-B5F2-0683823824CA}.Debug|x64.Build.0 = Debug|x64
		{1E098D2A-5342-42C9-B5F2-0683823824CA}.Debug|x86.ActiveCfg = Debug|Win32
		{1E098D2A-5342-42C9-B5F2-0683823824CA}.Debug|x86.Build.0 = Debug|Win32
		{1E098D2A-5342-42C9-B5F2-0683823824CA}.Release|x64.ActiveCfg = Release|x64
		{1E098D2A-5342-42C9-B5F2-0683823824CA}.Release|x64.Build.0 = Release|x64
		{1E098D2A-5342-42C9-B5F2-0683823824CA}.Release|x86.ActiveCfg = Release|Win32
		{1E098D2A-5342-42C9-B5F2-0683823824CA}.Release|x86.Build.0 = Release|Win32
		{AE84B449-FD23-4447-9E8D-77E6A52B3B0B}.Debug|x64.ActiveCfg = Debug|x64
		{AE84B449-FD23-4447-9E8D-77E6A52B3B0B}.Debug|x64.Build.0 = Debug|x64
		{AE84B449-FD23-4447-9E8D-77E6A52B3B0B}.Debug|x86.ActiveCfg = Debug|Win32
		{AE84B449-FD23-4447-9E8D-77E6A52B3B0B}.Debug|x86.Build.0 = Debug|Win32
		{AE84B449-FD23-4447-9E8D-77E6A52B3B0B}.Release|x64.ActiveCfg = Release|x64
		{AE84B449-FD23-4447-9E8D-77E6A52B3B0B}.Release|x64.Build.0 = Release|x64
		{AE84B449-FD23-4447-9E8D-77E6A52B3B0B}.Release|x86.ActiveCfg = Release|Win32
		{AE84B449-FD23-4447-9E8D-77E6A52B3B0B}.Release|x86.Build.0 = Release|Win32
		{F944AB69-02E3-40DF-8828-AFFD141C90CE}.Debug|x64.ActiveCfg = Debug|x64
		{F944AB69-02E3-40DF-8828-AFFD141C90CE}.Debug|x64.Build.0 = Debug|x64
		{F944AB69-02E3-40DF-8828-AFFD141C90CE}.Debug|x86.ActiveCfg = Debug|Win32
		{F944AB69-02E3-40DF-8828-AFFD141C90CE}.Debug|x86.Build.0 = Debug|Win32
		{F944AB69-02E3-40DF-8828-AFFD141C90CE}.Release|x64.ActiveCfg = Release|x64
		{F944AB69-02E3-40DF-8828-AFFD141C90CE}.Release|x64.Build.0 = Release|x64
		{F944AB69-02E3-40DF-8828-AFFD141C90CE}.Release|x86.ActiveCfg = Release|Win32
		{F944AB69-02E3-40DF-8828-AFFD141C90CE}.Release|x86.Build.0 = Release|Win32
		{736AF776-EB1C-4FF2-9681-2217C0CB4AA7}.Debug|x64.ActiveCfg = Debug|x64
		{736AF776-EB1C-4FF2-9681-2217C0CB4AA7}.Debug|x64.Build.0 = Debug|x64
		{736AF776-EB1C-4FF2-9681-2217C0CB4AA7}.Debug|x86.ActiveCfg = Debug|Win32
		{736AF776-EB1C-4FF2-9681-2217C0CB4AA7}.Debug|x86.Build.0 = Debug|Win32
		{736AF776-EB1C-4FF2-9681-2217C0CB4AA7}.Release|x64.ActiveCfg = Release|x64
		{736AF776-EB1C-4FF2-9681-2217C0CB4AA7}.Release|x64.Build.0 = Release|x64
		{736AF776-EB1C-4FF2-9681-2217C0CB4AA7}.Release|x86.ActiveCfg = Release|Win32
		{736AF776-EB1C-4FF2-9681-2217C0CB4AA7}.Release|x86.Build.0 = Release|Win32
		{E811A811-EB3B-47A3-9E2A-F58A66FADB99}.Debug|x64.ActiveCfg = Debug|x64
		{E811A811-EB3B-47A3-9E2A-F58A66FADB99}.Debug|x64.Build.0 = Debug|x64
		{E811A811-EB3B-47A3-9E2A-F58A66FADB99}.Debug|x86.ActiveCfg = Debug|Win32
		{E811A811-EB3B-47A3-9E2A-F58A66FADB99}.Debug|x86.Build.0 = Debug|Win32
		{E811A811-EB3B-47A3-9E2A-F58A66FADB99}.Release|x64.ActiveCfg = Release|x64
		{E811A811-EB3B-47A3-9E2A-F58A66FADB99}.Release|x64.Build.0 = Release|x64
		{E811A811-EB3B-47A3-9E2A-F58A66FADB99}.Release|x86.ActiveCfg = Release|Win32
		{E811A811-EB3B-47A3-9E2A-F58A66FADB99}.Release|x86.Build.0 = Release|Win32
		{07FBE5B4-79C6-420D-A019-3DF5FCA4C14C}.Debug|x64.ActiveCfg = Debug|x64
		{07FBE5B4-79C6-420D-A019-3DF5FCA4C14C}.Debug|x64.Build.0 = Debug|x64
		{07FBE5B4-79C6-420D-A019-3DF5FCA4C14C}.Debug|x86.ActiveCfg = Debug|Win32
		{07FBE5B4-79C6-420D-A019-3DF5FCA4C14C}.Debug|x86.Build.0 = Debug|Win32
		{07FBE5B4-79C6-420D-A019-3DF5FCA4C14C}.Release|x64.ActiveCfg = Release|x64
		{07FBE5B4-79C6-420D-A019-3DF5FCA4C14C}.Release|x64.Build.0 = Release|x64
		{07FBE5B4-79C6-420D-A019-3DF5FCA4C14C}.Release|x86.ActiveCfg = Release|Win32
		{07FBE5B4-79C6-420D-A019-3DF5FCA4C14C}.Release|x86.Build.0 = Release|Win32
		{E23281E9-59A4-4BD1-83B4-081678E2062F}.Debug|x64.ActiveCfg = Debug|x64
		{E23281E9-59A4-4BD1-83B4-081678E2062F}.Debug|x64.Build.0 = Debug|x64
		{E23281E9-59A4-4BD1-83B4-081678E2062F}.Debug|x86.ActiveCfg = Debug|Win32
		{E23281E9-59A4-4BD1-83B4-081678E2062F}.Debug|x86.Build.0 = Debug|Win32
		{E23281E9-59A4-4BD1-83B4-081678E2062F}.Release|x64.ActiveCfg = Release|x64
		{E23281E9-59A4-4BD1-83B4-081678E2062F}.Release|x64.Build.0 = Release|x64
		{E23281E9-59A4-4BD1-83B4-081678E2062F}.Release|x86.ActiveCfg = Release|Win32
		{E23281E9-59A4-4BD1-83B4-081678E2062F}.Release|x86.Build.0 = Release|Win32
	EndGlobalSection
	GlobalSection(SolutionProperties) = preSolution
		HideSolutionNode = FALSE
	EndGlobalSection
	GlobalSection(ExtensibilityGlobals) = postSolution
		SolutionGuid = {18E55C72-CCE7-4502-A24D-C61398929E09}
	EndGlobalSection
EndGlobal
